# THIS IS AN AUTOGENERATED FILE. DO NOT EDIT THIS FILE DIRECTLY.
# yarn lockfile v1


"@babel/runtime@^7.16.7":
  version "7.24.8"
  resolved "https://registry.yarnpkg.com/@babel/runtime/-/runtime-7.24.8.tgz#5d958c3827b13cc6d05e038c07fb2e5e3420d82e"
  integrity sha512-5F7SDGs1T72ZczbRwbGO9lQi0NLjQxzl6i4lJxLxfW9U5UluCSyEJeniWvnhl3/euNiqQVbo8zruhsDfid0esA==
  dependencies:
    regenerator-runtime "^0.14.0"

"@fortawesome/fontawesome-free@>=5.15.0 <7.0.0":
  version "6.5.2"
  resolved "https://registry.yarnpkg.com/@fortawesome/fontawesome-free/-/fontawesome-free-6.5.2.tgz#310fe90cb5a8dee9698833171b98e7835404293d"
  integrity sha512-hRILoInAx8GNT5IMkrtIt9blOdrqHOnPBH+k70aWUAqPZPgopb9G5EQJFpaBx/S8zp2fC+mPW349Bziuk1o28Q==

"@hotwired/turbo-rails@^7.1.0":
  version "7.3.0"
  resolved "https://registry.yarnpkg.com/@hotwired/turbo-rails/-/turbo-rails-7.3.0.tgz#422c21752509f3edcd6c7b2725bbe9e157815f51"
  integrity sha512-fvhO64vp/a2UVQ3jue9WTc2JisMv9XilIC7ViZmXAREVwiQ2S4UC7Go8f9A1j4Xu7DBI6SbFdqILk5ImqVoqyA==
  dependencies:
    "@hotwired/turbo" "^7.3.0"
    "@rails/actioncable" "^7.0"

"@hotwired/turbo@^7.3.0":
  version "7.3.0"
  resolved "https://registry.yarnpkg.com/@hotwired/turbo/-/turbo-7.3.0.tgz#2226000fff1aabda9fd9587474565c9929dbf15d"
  integrity sha512-Dcu+NaSvHLT7EjrDrkEmH4qET2ZJZ5IcCWmNXxNQTBwlnE5tBZfN6WxZ842n5cHV52DH/AKNirbPBtcEXDLW4g==

"@popperjs/core@^2.11.0":
  version "2.11.8"
  resolved "https://registry.yarnpkg.com/@popperjs/core/-/core-2.11.8.tgz#6b79032e760a0899cd4204710beede972a3a185f"
  integrity sha512-P1st0aksCrn9sGZhp8GMYwBnQsbvAWsZAX44oXNNvLHGqAOcoVxmjZiohstwQ7SqKnbR47akdNi+uleWD8+g6A==

"@rails/actioncable@^7.0":
  version "7.1.3"
  resolved "https://registry.yarnpkg.com/@rails/actioncable/-/actioncable-7.1.3.tgz#4db480347775aeecd4dde2405659eef74a458881"
  integrity sha512-ojNvnoZtPN0pYvVFtlO7dyEN9Oml1B6IDM+whGKVak69MMYW99lC2NOWXWeE3bmwEydbP/nn6ERcpfjHVjYQjA==

"@rails/ujs@^6.1.4-1":
  version "6.1.7"
  resolved "https://registry.yarnpkg.com/@rails/ujs/-/ujs-6.1.7.tgz#b09dc5b2105dd267e8374c47e4490240451dc7f6"
  integrity sha512-0e7WQ4LE/+LEfW2zfAw9ppsB6A8RmxbdAUPAF++UT80epY+7emuQDkKXmaK0a9lp6An50RvzezI0cIQjp1A58w==

bootstrap@^5.1.3:
  version "5.3.3"
  resolved "https://registry.yarnpkg.com/bootstrap/-/bootstrap-5.3.3.tgz#de35e1a765c897ac940021900fcbb831602bac38"
  integrity sha512-8HLCdWgyoMguSO9o+aH+iuZ+aht+mzW0u3HIMzVu7Srrpv7EBBxTnrFlSCskwdY1+EOFQSm7uMJhNQHkdPcmjg==

flatpickr@^4.6.9:
  version "4.6.13"
  resolved "https://registry.yarnpkg.com/flatpickr/-/flatpickr-4.6.13.tgz#8a029548187fd6e0d670908471e43abe9ad18d94"
  integrity sha512-97PMG/aywoYpB4IvbvUJi0RQi8vearvU0oov1WW3k0WZPBMrTQVqekSX5CjSG/M4Q3i6A/0FKXC7RyAoAUUSPw==

jquery-ui@^1.12.1:
  version "1.13.3"
  resolved "https://registry.yarnpkg.com/jquery-ui/-/jquery-ui-1.13.3.tgz#d9f5292b2857fa1f2fdbbe8f2e66081664eb9bc5"
  integrity sha512-D2YJfswSJRh/B8M/zCowDpNFfwsDmtfnMPwjJTyvl+CBqzpYwQ+gFYIbUUlzijy/Qvoy30H1YhoSui4MNYpRwA==
  dependencies:
    jquery ">=1.8.0 <4.0.0"

"jquery@>=1.8.0 <4.0.0", jquery@^3.6.0:
  version "3.7.1"
  resolved "https://registry.yarnpkg.com/jquery/-/jquery-3.7.1.tgz#083ef98927c9a6a74d05a6af02806566d16274de"
  integrity sha512-m4avr8yL8kmFN8psrbFFFmB/If14iN5o9nw/NgnnM+kybDJpRsAynV2BsfpTYrTRysYUdADVD7CkUUizgkpLfg==

rails_admin@3.1.4:
  version "3.1.4"
  resolved "https://registry.yarnpkg.com/rails_admin/-/rails_admin-3.1.4.tgz#58c56bb73006c851141dedd6c29eda21be27df52"
  integrity sha512-kZoTGOQZd8b4ONBoDWa6DJaeX/2vbMRD5GEXkvOBF55i9lpkcfqVoHek60h1FNZxzGFWeXpM1qUzYylfgNpK9w==
  dependencies:
    "@babel/runtime" "^7.16.7"
    "@fortawesome/fontawesome-free" ">=5.15.0 <7.0.0"
    "@hotwired/turbo-rails" "^7.1.0"
    "@popperjs/core" "^2.11.0"
    "@rails/ujs" "^6.1.4-1"
    bootstrap "^5.1.3"
    flatpickr "^4.6.9"
    jquery "^3.6.0"
    jquery-ui "^1.12.1"

regenerator-runtime@^0.14.0:
  version "0.14.1"
  resolved "https://registry.yarnpkg.com/regenerator-runtime/-/regenerator-runtime-0.14.1.tgz#356ade10263f685dda125100cd862c1db895327f"
  integrity sha512-dYnhHh0nJoMfnkZs6GmmhFknAGRrLznOu5nc9ML+EJxGvrx6H7teuevqVqCuPcPK//3eDrrjQhehXVx9cnkGdw==
